
Microsoft Visual Studio Solution File, Format Version 12.00
# Visual Studio Version 16
VisualStudioVersion = 16.0.29519.181
MinimumVisualStudioVersion = 10.0.40219.1
Project("{888888A0-9F3D-457C-B088-3A5042F75D52}") = "Rail_Defect10", "Rail_Defect10.pyproj", "{D561E84B-89D5-4347-A5E6-D05CB49653EF}"
EndProject
Global
	GlobalSection(SolutionConfigurationPlatforms) = preSolution
		Debug|Any CPU = Debug|Any CPU
		Release|Any CPU = Release|Any CPU
	EndGlobalSection
	GlobalSection(ProjectConfigurationPlatforms) = postSolution
		{D561E84B-89D5-4347-A5E6-D05CB49653EF}.Debug|Any CPU.ActiveCfg = Debug|Any CPU
		{D561E84B-89D5-4347-A5E6-D05CB49653EF}.Release|Any CPU.ActiveCfg = Release|Any CPU
	EndGlobalSection
	GlobalSection(SolutionProperties) = preSolution
		HideSolutionNode = FALSE
	EndGlobalSection
	GlobalSection(ExtensibilityGlobals) = postSolution
		SolutionGuid = {4CDD2893-C671-40E1-A294-3DB5A43ED4D3}
	EndGlobalSection
EndGlobal
